
Microsoft Visual Studio Solution File, Format Version 12.00
# Visual Studio Version 16
VisualStudioVersion = 16.0.30114.105
MinimumVisualStudioVersion = 10.0.40219.1
Project("{FAE04EC0-301F-11D3-BF4B-00C04F79EFBC}") = "CustomerApi.Api", "Src\CustomerApi.Api\CustomerApi.Api.csproj", "{26B615E6-567E-4BC5-8251-3B0F455089CA}"
EndProject
Project("{FAE04EC0-301F-11D3-BF4B-00C04F79EFBC}") = "CustomerApi.Data", "Src\CustomerApi.Data\CustomerApi.Data.csproj", "{EA423545-923E-41F7-B00B-F5258FB6E3B1}"
EndProject
Project("{FAE04EC0-301F-11D3-BF4B-00C04F79EFBC}") = "CustomerApi.Domain", "Src\CustomerApi.Domain\CustomerApi.Domain.csproj", "{4A95F53C-041B-45AF-BEC0-01AE32EB4907}"
EndProject
Project("{FAE04EC0-301F-11D3-BF4B-00C04F79EFBC}") = "CustomerApi.EventBus", "Src\CustomerApi.EventBus\CustomerApi.EventBus.csproj", "{52C52ACD-CD01-4214-A231-BF77FF296A75}"
EndProject
Project("{FAE04EC0-301F-11D3-BF4B-00C04F79EFBC}") = "CustomerApi.Services", "Src\CustomerApi.Services\CustomerApi.Services.csproj", "{44DB381D-92AC-45D8-8BDB-C88B148440FA}"
EndProject
Project("{2150E333-8FDC-42A3-9474-1A3956D46DE8}") = "Tests", "Tests", "{D291279C-237C-41F0-916A-9101B8089700}"
EndProject
Project("{FAE04EC0-301F-11D3-BF4B-00C04F79EFBC}") = "CustomerApi.Api.Tests", "Tests\CustomerApi.Api.Tests\CustomerApi.Api.Tests.csproj", "{253C7A66-72CC-49B8-B37F-9685C8200842}"
EndProject
Project("{FAE04EC0-301F-11D3-BF4B-00C04F79EFBC}") = "CustomerApi.Data.Tests", "Tests\CustomerApi.Data.Tests\CustomerApi.Data.Tests.csproj", "{ECF04CEB-0C65-4BB4-A057-399DAA6D7E2D}"
EndProject
Project("{FAE04EC0-301F-11D3-BF4B-00C04F79EFBC}") = "CustomerApi.Services.Tests", "Tests\CustomerApi.Services.Tests\CustomerApi.Services.Tests.csproj", "{096693A1-A01D-4FCD-8826-B1D2C7949A5C}"
EndProject
Global
	GlobalSection(SolutionConfigurationPlatforms) = preSolution
		Debug|Any CPU = Debug|Any CPU
		Debug|x64 = Debug|x64
		Debug|x86 = Debug|x86
		Release|Any CPU = Release|Any CPU
		Release|x64 = Release|x64
		Release|x86 = Release|x86
	EndGlobalSection
	GlobalSection(SolutionProperties) = preSolution
		HideSolutionNode = FALSE
	EndGlobalSection
	GlobalSection(ProjectConfigurationPlatforms) = postSolution
		{26B615E6-567E-4BC5-8251-3B0F455089CA}.Debug|Any CPU.ActiveCfg = Debug|Any CPU
		{26B615E6-567E-4BC5-8251-3B0F455089CA}.Debug|Any CPU.Build.0 = Debug|Any CPU
		{26B615E6-567E-4BC5-8251-3B0F455089CA}.Debug|x64.ActiveCfg = Debug|Any CPU
		{26B615E6-567E-4BC5-8251-3B0F455089CA}.Debug|x64.Build.0 = Debug|Any CPU
		{26B615E6-567E-4BC5-8251-3B0F455089CA}.Debug|x86.ActiveCfg = Debug|Any CPU
		{26B615E6-567E-4BC5-8251-3B0F455089CA}.Debug|x86.Build.0 = Debug|Any CPU
		{26B615E6-567E-4BC5-8251-3B0F455089CA}.Release|Any CPU.ActiveCfg = Release|Any CPU
		{26B615E6-567E-4BC5-8251-3B0F455089CA}.Release|Any CPU.Build.0 = Release|Any CPU
		{26B615E6-567E-4BC5-8251-3B0F455089CA}.Release|x64.ActiveCfg = Release|Any CPU
		{26B615E6-567E-4BC5-8251-3B0F455089CA}.Release|x64.Build.0 = Release|Any CPU
		{26B615E6-567E-4BC5-8251-3B0F455089CA}.Release|x86.ActiveCfg = Release|Any CPU
		{26B615E6-567E-4BC5-8251-3B0F455089CA}.Release|x86.Build.0 = Release|Any CPU
		{EA423545-923E-41F7-B00B-F5258FB6E3B1}.Debug|Any CPU.ActiveCfg = Debug|Any CPU
		{EA423545-923E-41F7-B00B-F5258FB6E3B1}.Debug|Any CPU.Build.0 = Debug|Any CPU
		{EA423545-923E-41F7-B00B-F5258FB6E3B1}.Debug|x64.ActiveCfg = Debug|Any CPU
		{EA423545-923E-41F7-B00B-F5258FB6E3B1}.Debug|x64.Build.0 = Debug|Any CPU
		{EA423545-923E-41F7-B00B-F5258FB6E3B1}.Debug|x86.ActiveCfg = Debug|Any CPU
		{EA423545-923E-41F7-B00B-F5258FB6E3B1}.Debug|x86.Build.0 = Debug|Any CPU
		{EA423545-923E-41F7-B00B-F5258FB6E3B1}.Release|Any CPU.ActiveCfg = Release|Any CPU
		{EA423545-923E-41F7-B00B-F5258FB6E3B1}.Release|Any CPU.Build.0 = Release|Any CPU
		{EA423545-923E-41F7-B00B-F5258FB6E3B1}.Release|x64.ActiveCfg = Release|Any CPU
		{EA423545-923E-41F7-B00B-F5258FB6E3B1}.Release|x64.Build.0 = Release|Any CPU
		{EA423545-923E-41F7-B00B-F5258FB6E3B1}.Release|x86.ActiveCfg = Release|Any CPU
		{EA423545-923E-41F7-B00B-F5258FB6E3B1}.Release|x86.Build.0 = Release|Any CPU
		{4A95F53C-041B-45AF-BEC0-01AE32EB4907}.Debug|Any CPU.ActiveCfg = Debug|Any CPU
		{4A95F53C-041B-45AF-BEC0-01AE32EB4907}.Debug|Any CPU.Build.0 = Debug|Any CPU
		{4A95F53C-041B-45AF-BEC0-01AE32EB4907}.Debug|x64.ActiveCfg = Debug|Any CPU
		{4A95F53C-041B-45AF-BEC0-01AE32EB4907}.Debug|x64.Build.0 = Debug|Any CPU
		{4A95F53C-041B-45AF-BEC0-01AE32EB4907}.Debug|x86.ActiveCfg = Debug|Any CPU
		{4A95F53C-041B-45AF-BEC0-01AE32EB4907}.Debug|x86.Build.0 = Debug|Any CPU
		{4A95F53C-041B-45AF-BEC0-01AE32EB4907}.Release|Any CPU.ActiveCfg = Release|Any CPU
		{4A95F53C-041B-45AF-BEC0-01AE32EB4907}.Release|Any CPU.Build.0 = Release|Any CPU
		{4A95F53C-041B-45AF-BEC0-01AE32EB4907}.Release|x64.ActiveCfg = Release|Any CPU
		{4A95F53C-041B-45AF-BEC0-01AE32EB4907}.Release|x64.Build.0 = Release|Any CPU
		{4A95F53C-041B-45AF-BEC0-01AE32EB4907}.Release|x86.ActiveCfg = Release|Any CPU
		{4A95F53C-041B-45AF-BEC0-01AE32EB4907}.Release|x86.Build.0 = Release|Any CPU
		{52C52ACD-CD01-4214-A231-BF77FF296A75}.Debug|Any CPU.ActiveCfg = Debug|Any CPU
		{52C52ACD-CD01-4214-A231-BF77FF296A75}.Debug|Any CPU.Build.0 = Debug|Any CPU
		{52C52ACD-CD01-4214-A231-BF77FF296A75}.Debug|x64.ActiveCfg = Debug|Any CPU
		{52C52ACD-CD01-4214-A231-BF77FF296A75}.Debug|x64.Build.0 = Debug|Any CPU
		{52C52ACD-CD01-4214-A231-BF77FF296A75}.Debug|x86.ActiveCfg = Debug|Any CPU
		{52C52ACD-CD01-4214-A231-BF77FF296A75}.Debug|x86.Build.0 = Debug|Any CPU
		{52C52ACD-CD01-4214-A231-BF77FF296A75}.Release|Any CPU.ActiveCfg = Release|Any CPU
		{52C52ACD-CD01-4214-A231-BF77FF296A75}.Release|Any CPU.Build.0 = Release|Any CPU
		{52C52ACD-CD01-4214-A231-BF77FF296A75}.Release|x64.ActiveCfg = Release|Any CPU
		{52C52ACD-CD01-4214-A231-BF77FF296A75}.Release|x64.Build.0 = Release|Any CPU
		{52C52ACD-CD01-4214-A231-BF77FF296A75}.Release|x86.ActiveCfg = Release|Any CPU
		{52C52ACD-CD01-4214-A231-BF77FF296A75}.Release|x86.Build.0 = Release|Any CPU
		{44DB381D-92AC-45D8-8BDB-C88B148440FA}.Debug|Any CPU.ActiveCfg = Debug|Any CPU
		{44DB381D-92AC-45D8-8BDB-C88B148440FA}.Debug|Any CPU.Build.0 = Debug|Any CPU
		{44DB381D-92AC-45D8-8BDB-C88B148440FA}.Debug|x64.ActiveCfg = Debug|Any CPU
		{44DB381D-92AC-45D8-8BDB-C88B148440FA}.Debug|x64.Build.0 = Debug|Any CPU
		{44DB381D-92AC-45D8-8BDB-C88B148440FA}.Debug|x86.ActiveCfg = Debug|Any CPU
		{44DB381D-92AC-45D8-8BDB-C88B148440FA}.Debug|x86.Build.0 = Debug|Any CPU
		{44DB381D-92AC-45D8-8BDB-C88B148440FA}.Release|Any CPU.ActiveCfg = Release|Any CPU
		{44DB381D-92AC-45D8-8BDB-C88B148440FA}.Release|Any CPU.Build.0 = Release|Any CPU
		{44DB381D-92AC-45D8-8BDB-C88B148440FA}.Release|x64.ActiveCfg = Release|Any CPU
		{44DB381D-92AC-45D8-8BDB-C88B148440FA}.Release|x64.Build.0 = Release|Any CPU
		{44DB381D-92AC-45D8-8BDB-C88B148440FA}.Release|x86.ActiveCfg = Release|Any CPU
		{44DB381D-92AC-45D8-8BDB-C88B148440FA}.Release|x86.Build.0 = Release|Any CPU
		{253C7A66-72CC-49B8-B37F-9685C8200842}.Debug|Any CPU.ActiveCfg = Debug|Any CPU
		{253C7A66-72CC-49B8-B37F-9685C8200842}.Debug|Any CPU.Build.0 = Debug|Any CPU
		{253C7A66-72CC-49B8-B37F-9685C8200842}.Debug|x64.ActiveCfg = Debug|Any CPU
		{253C7A66-72CC-49B8-B37F-9685C8200842}.Debug|x64.Build.0 = Debug|Any CPU
		{253C7A66-72CC-49B8-B37F-9685C8200842}.Debug|x86.ActiveCfg = Debug|Any CPU
		{253C7A66-72CC-49B8-B37F-9685C8200842}.Debug|x86.Build.0 = Debug|Any CPU
		{253C7A66-72CC-49B8-B37F-9685C8200842}.Release|Any CPU.ActiveCfg = Release|Any CPU
		{253C7A66-72CC-49B8-B37F-9685C8200842}.Release|Any CPU.Build.0 = Release|Any CPU
		{253C7A66-72CC-49B8-B37F-9685C8200842}.Release|x64.ActiveCfg = Release|Any CPU
		{253C7A66-72CC-49B8-B37F-9685C8200842}.Release|x64.Build.0 = Release|Any CPU
		{253C7A66-72CC-49B8-B37F-9685C8200842}.Release|x86.ActiveCfg = Release|Any CPU
		{253C7A66-72CC-49B8-B37F-9685C8200842}.Release|x86.Build.0 = Release|Any CPU
		{ECF04CEB-0C65-4BB4-A057-399DAA6D7E2D}.Debug|Any CPU.ActiveCfg = Debug|Any CPU
		{ECF04CEB-0C65-4BB4-A057-399DAA6D7E2D}.Debug|Any CPU.Build.0 = Debug|Any CPU
		{ECF04CEB-0C65-4BB4-A057-399DAA6D7E2D}.Debug|x64.ActiveCfg = Debug|Any CPU
		{ECF04CEB-0C65-4BB4-A057-399DAA6D7E2D}.Debug|x64.Build.0 = Debug|Any CPU
		{ECF04CEB-0C65-4BB4-A057-399DAA6D7E2D}.Debug|x86.ActiveCfg = Debug|Any CPU
		{ECF04CEB-0C65-4BB4-A057-399DAA6D7E2D}.Debug|x86.Build.0 = Debug|Any CPU
		{ECF04CEB-0C65-4BB4-A057-399DAA6D7E2D}.Release|Any CPU.ActiveCfg = Release|Any CPU
		{ECF04CEB-0C65-4BB4-A057-399DAA6D7E2D}.Release|Any CPU.Build.0 = Release|Any CPU
		{ECF04CEB-0C65-4BB4-A057-399DAA6D7E2D}.Release|x64.ActiveCfg = Release|Any CPU
		{ECF04CEB-0C65-4BB4-A057-399DAA6D7E2D}.Release|x64.Build.0 = Release|Any CPU
		{ECF04CEB-0C65-4BB4-A057-399DAA6D7E2D}.Release|x86.ActiveCfg = Release|Any CPU
		{ECF04CEB-0C65-4BB4-A057-399DAA6D7E2D}.Release|x86.Build.0 = Release|Any CPU
		{096693A1-A01D-4FCD-8826-B1D2C7949A5C}.Debug|Any CPU.ActiveCfg = Debug|Any CPU
		{096693A1-A01D-4FCD-8826-B1D2C7949A5C}.Debug|Any CPU.Build.0 = Debug|Any CPU
		{096693A1-A01D-4FCD-8826-B1D2C7949A5C}.Debug|x64.ActiveCfg = Debug|Any CPU
		{096693A1-A01D-4FCD-8826-B1D2C7949A5C}.Debug|x64.Build.0 = Debug|Any CPU
		{096693A1-A01D-4FCD-8826-B1D2C7949A5C}.Debug|x86.ActiveCfg = Debug|Any CPU
		{096693A1-A01D-4FCD-8826-B1D2C7949A5C}.Debug|x86.Build.0 = Debug|Any CPU
		{096693A1-A01D-4FCD-8826-B1D2C7949A5C}.Release|Any CPU.ActiveCfg = Release|Any CPU
		{096693A1-A01D-4FCD-8826-B1D2C7949A5C}.Release|Any CPU.Build.0 = Release|Any CPU
		{096693A1-A01D-4FCD-8826-B1D2C7949A5C}.Release|x64.ActiveCfg = Release|Any CPU
		{096693A1-A01D-4FCD-8826-B1D2C7949A5C}.Release|x64.Build.0 = Release|Any CPU
		{096693A1-A01D-4FCD-8826-B1D2C7949A5C}.Release|x86.ActiveCfg = Release|Any CPU
		{096693A1-A01D-4FCD-8826-B1D2C7949A5C}.Release|x86.Build.0 = Release|Any CPU
	EndGlobalSection
	GlobalSection(NestedProjects) = preSolution
		{253C7A66-72CC-49B8-B37F-9685C8200842} = {D291279C-237C-41F0-916A-9101B8089700}
		{ECF04CEB-0C65-4BB4-A057-399DAA6D7E2D} = {D291279C-237C-41F0-916A-9101B8089700}
		{096693A1-A01D-4FCD-8826-B1D2C7949A5C} = {D291279C-237C-41F0-916A-9101B8089700}
	EndGlobalSection
EndGlobal
