
Microsoft Visual Studio Solution File, Format Version 12.00
# Visual Studio Version 16
VisualStudioVersion = 16.0.30114.105
MinimumVisualStudioVersion = 10.0.40219.1
Project("{FAE04EC0-301F-11D3-BF4B-00C04F79EFBC}") = "OrderApi.Api", "Src\OrderApi.Api\OrderApi.Api.csproj", "{D11632EF-F0F0-4C5C-8655-92277C6A32A4}"
EndProject
Project("{FAE04EC0-301F-11D3-BF4B-00C04F79EFBC}") = "OrderApi.Data", "Src\OrderApi.Data\OrderApi.Data.csproj", "{4BEE8AF8-8D9E-405C-9EF4-3845D1A5F83B}"
EndProject
Project("{FAE04EC0-301F-11D3-BF4B-00C04F79EFBC}") = "OrderApi.Domain", "Src\OrderApi.Domain\OrderApi.Domain.csproj", "{5820926C-6FA4-4AE6-A927-27ABF8C3C855}"
EndProject
Project("{FAE04EC0-301F-11D3-BF4B-00C04F79EFBC}") = "OrderApi.EventBus", "Src\OrderApi.EventBus\OrderApi.EventBus.csproj", "{89A3ACAA-B4F3-4DFD-9154-B2843F1065F1}"
EndProject
Project("{FAE04EC0-301F-11D3-BF4B-00C04F79EFBC}") = "OrderApi.Services", "Src\OrderApi.Services\OrderApi.Services.csproj", "{29F76DB7-E51E-4D9D-8241-C7C4C572B05F}"
EndProject
Project("{2150E333-8FDC-42A3-9474-1A3956D46DE8}") = "Tests", "Tests", "{C30BF406-91A2-4801-983C-B9C3DB14390E}"
EndProject
Project("{FAE04EC0-301F-11D3-BF4B-00C04F79EFBC}") = "OrderApi.Api.Tests", "Tests\OrderApi.Api.Tests\OrderApi.Api.Tests.csproj", "{7C83FD73-399B-42BB-97C7-86CB8BC8DC0D}"
EndProject
Project("{FAE04EC0-301F-11D3-BF4B-00C04F79EFBC}") = "OrderApi.Data.Tests", "Tests\OrderApi.Data.Tests\OrderApi.Data.Tests.csproj", "{EE05E7F7-5914-4DE9-A72D-DCBB4C58FC5F}"
EndProject
Project("{FAE04EC0-301F-11D3-BF4B-00C04F79EFBC}") = "OrderApi.Services.Tests", "Tests\OrderApi.Services.Tests\OrderApi.Services.Tests.csproj", "{BEEB6CB0-736A-4BC8-B04E-FC5D0B761FD7}"
EndProject
Global
	GlobalSection(SolutionConfigurationPlatforms) = preSolution
		Debug|Any CPU = Debug|Any CPU
		Debug|x64 = Debug|x64
		Debug|x86 = Debug|x86
		Release|Any CPU = Release|Any CPU
		Release|x64 = Release|x64
		Release|x86 = Release|x86
	EndGlobalSection
	GlobalSection(SolutionProperties) = preSolution
		HideSolutionNode = FALSE
	EndGlobalSection
	GlobalSection(ProjectConfigurationPlatforms) = postSolution
		{D11632EF-F0F0-4C5C-8655-92277C6A32A4}.Debug|Any CPU.ActiveCfg = Debug|Any CPU
		{D11632EF-F0F0-4C5C-8655-92277C6A32A4}.Debug|Any CPU.Build.0 = Debug|Any CPU
		{D11632EF-F0F0-4C5C-8655-92277C6A32A4}.Debug|x64.ActiveCfg = Debug|Any CPU
		{D11632EF-F0F0-4C5C-8655-92277C6A32A4}.Debug|x64.Build.0 = Debug|Any CPU
		{D11632EF-F0F0-4C5C-8655-92277C6A32A4}.Debug|x86.ActiveCfg = Debug|Any CPU
		{D11632EF-F0F0-4C5C-8655-92277C6A32A4}.Debug|x86.Build.0 = Debug|Any CPU
		{D11632EF-F0F0-4C5C-8655-92277C6A32A4}.Release|Any CPU.ActiveCfg = Release|Any CPU
		{D11632EF-F0F0-4C5C-8655-92277C6A32A4}.Release|Any CPU.Build.0 = Release|Any CPU
		{D11632EF-F0F0-4C5C-8655-92277C6A32A4}.Release|x64.ActiveCfg = Release|Any CPU
		{D11632EF-F0F0-4C5C-8655-92277C6A32A4}.Release|x64.Build.0 = Release|Any CPU
		{D11632EF-F0F0-4C5C-8655-92277C6A32A4}.Release|x86.ActiveCfg = Release|Any CPU
		{D11632EF-F0F0-4C5C-8655-92277C6A32A4}.Release|x86.Build.0 = Release|Any CPU
		{4BEE8AF8-8D9E-405C-9EF4-3845D1A5F83B}.Debug|Any CPU.ActiveCfg = Debug|Any CPU
		{4BEE8AF8-8D9E-405C-9EF4-3845D1A5F83B}.Debug|Any CPU.Build.0 = Debug|Any CPU
		{4BEE8AF8-8D9E-405C-9EF4-3845D1A5F83B}.Debug|x64.ActiveCfg = Debug|Any CPU
		{4BEE8AF8-8D9E-405C-9EF4-3845D1A5F83B}.Debug|x64.Build.0 = Debug|Any CPU
		{4BEE8AF8-8D9E-405C-9EF4-3845D1A5F83B}.Debug|x86.ActiveCfg = Debug|Any CPU
		{4BEE8AF8-8D9E-405C-9EF4-3845D1A5F83B}.Debug|x86.Build.0 = Debug|Any CPU
		{4BEE8AF8-8D9E-405C-9EF4-3845D1A5F83B}.Release|Any CPU.ActiveCfg = Release|Any CPU
		{4BEE8AF8-8D9E-405C-9EF4-3845D1A5F83B}.Release|Any CPU.Build.0 = Release|Any CPU
		{4BEE8AF8-8D9E-405C-9EF4-3845D1A5F83B}.Release|x64.ActiveCfg = Release|Any CPU
		{4BEE8AF8-8D9E-405C-9EF4-3845D1A5F83B}.Release|x64.Build.0 = Release|Any CPU
		{4BEE8AF8-8D9E-405C-9EF4-3845D1A5F83B}.Release|x86.ActiveCfg = Release|Any CPU
		{4BEE8AF8-8D9E-405C-9EF4-3845D1A5F83B}.Release|x86.Build.0 = Release|Any CPU
		{5820926C-6FA4-4AE6-A927-27ABF8C3C855}.Debug|Any CPU.ActiveCfg = Debug|Any CPU
		{5820926C-6FA4-4AE6-A927-27ABF8C3C855}.Debug|Any CPU.Build.0 = Debug|Any CPU
		{5820926C-6FA4-4AE6-A927-27ABF8C3C855}.Debug|x64.ActiveCfg = Debug|Any CPU
		{5820926C-6FA4-4AE6-A927-27ABF8C3C855}.Debug|x64.Build.0 = Debug|Any CPU
		{5820926C-6FA4-4AE6-A927-27ABF8C3C855}.Debug|x86.ActiveCfg = Debug|Any CPU
		{5820926C-6FA4-4AE6-A927-27ABF8C3C855}.Debug|x86.Build.0 = Debug|Any CPU
		{5820926C-6FA4-4AE6-A927-27ABF8C3C855}.Release|Any CPU.ActiveCfg = Release|Any CPU
		{5820926C-6FA4-4AE6-A927-27ABF8C3C855}.Release|Any CPU.Build.0 = Release|Any CPU
		{5820926C-6FA4-4AE6-A927-27ABF8C3C855}.Release|x64.ActiveCfg = Release|Any CPU
		{5820926C-6FA4-4AE6-A927-27ABF8C3C855}.Release|x64.Build.0 = Release|Any CPU
		{5820926C-6FA4-4AE6-A927-27ABF8C3C855}.Release|x86.ActiveCfg = Release|Any CPU
		{5820926C-6FA4-4AE6-A927-27ABF8C3C855}.Release|x86.Build.0 = Release|Any CPU
		{89A3ACAA-B4F3-4DFD-9154-B2843F1065F1}.Debug|Any CPU.ActiveCfg = Debug|Any CPU
		{89A3ACAA-B4F3-4DFD-9154-B2843F1065F1}.Debug|Any CPU.Build.0 = Debug|Any CPU
		{89A3ACAA-B4F3-4DFD-9154-B2843F1065F1}.Debug|x64.ActiveCfg = Debug|Any CPU
		{89A3ACAA-B4F3-4DFD-9154-B2843F1065F1}.Debug|x64.Build.0 = Debug|Any CPU
		{89A3ACAA-B4F3-4DFD-9154-B2843F1065F1}.Debug|x86.ActiveCfg = Debug|Any CPU
		{89A3ACAA-B4F3-4DFD-9154-B2843F1065F1}.Debug|x86.Build.0 = Debug|Any CPU
		{89A3ACAA-B4F3-4DFD-9154-B2843F1065F1}.Release|Any CPU.ActiveCfg = Release|Any CPU
		{89A3ACAA-B4F3-4DFD-9154-B2843F1065F1}.Release|Any CPU.Build.0 = Release|Any CPU
		{89A3ACAA-B4F3-4DFD-9154-B2843F1065F1}.Release|x64.ActiveCfg = Release|Any CPU
		{89A3ACAA-B4F3-4DFD-9154-B2843F1065F1}.Release|x64.Build.0 = Release|Any CPU
		{89A3ACAA-B4F3-4DFD-9154-B2843F1065F1}.Release|x86.ActiveCfg = Release|Any CPU
		{89A3ACAA-B4F3-4DFD-9154-B2843F1065F1}.Release|x86.Build.0 = Release|Any CPU
		{29F76DB7-E51E-4D9D-8241-C7C4C572B05F}.Debug|Any CPU.ActiveCfg = Debug|Any CPU
		{29F76DB7-E51E-4D9D-8241-C7C4C572B05F}.Debug|Any CPU.Build.0 = Debug|Any CPU
		{29F76DB7-E51E-4D9D-8241-C7C4C572B05F}.Debug|x64.ActiveCfg = Debug|Any CPU
		{29F76DB7-E51E-4D9D-8241-C7C4C572B05F}.Debug|x64.Build.0 = Debug|Any CPU
		{29F76DB7-E51E-4D9D-8241-C7C4C572B05F}.Debug|x86.ActiveCfg = Debug|Any CPU
		{29F76DB7-E51E-4D9D-8241-C7C4C572B05F}.Debug|x86.Build.0 = Debug|Any CPU
		{29F76DB7-E51E-4D9D-8241-C7C4C572B05F}.Release|Any CPU.ActiveCfg = Release|Any CPU
		{29F76DB7-E51E-4D9D-8241-C7C4C572B05F}.Release|Any CPU.Build.0 = Release|Any CPU
		{29F76DB7-E51E-4D9D-8241-C7C4C572B05F}.Release|x64.ActiveCfg = Release|Any CPU
		{29F76DB7-E51E-4D9D-8241-C7C4C572B05F}.Release|x64.Build.0 = Release|Any CPU
		{29F76DB7-E51E-4D9D-8241-C7C4C572B05F}.Release|x86.ActiveCfg = Release|Any CPU
		{29F76DB7-E51E-4D9D-8241-C7C4C572B05F}.Release|x86.Build.0 = Release|Any CPU
		{7C83FD73-399B-42BB-97C7-86CB8BC8DC0D}.Debug|Any CPU.ActiveCfg = Debug|Any CPU
		{7C83FD73-399B-42BB-97C7-86CB8BC8DC0D}.Debug|Any CPU.Build.0 = Debug|Any CPU
		{7C83FD73-399B-42BB-97C7-86CB8BC8DC0D}.Debug|x64.ActiveCfg = Debug|Any CPU
		{7C83FD73-399B-42BB-97C7-86CB8BC8DC0D}.Debug|x64.Build.0 = Debug|Any CPU
		{7C83FD73-399B-42BB-97C7-86CB8BC8DC0D}.Debug|x86.ActiveCfg = Debug|Any CPU
		{7C83FD73-399B-42BB-97C7-86CB8BC8DC0D}.Debug|x86.Build.0 = Debug|Any CPU
		{7C83FD73-399B-42BB-97C7-86CB8BC8DC0D}.Release|Any CPU.ActiveCfg = Release|Any CPU
		{7C83FD73-399B-42BB-97C7-86CB8BC8DC0D}.Release|Any CPU.Build.0 = Release|Any CPU
		{7C83FD73-399B-42BB-97C7-86CB8BC8DC0D}.Release|x64.ActiveCfg = Release|Any CPU
		{7C83FD73-399B-42BB-97C7-86CB8BC8DC0D}.Release|x64.Build.0 = Release|Any CPU
		{7C83FD73-399B-42BB-97C7-86CB8BC8DC0D}.Release|x86.ActiveCfg = Release|Any CPU
		{7C83FD73-399B-42BB-97C7-86CB8BC8DC0D}.Release|x86.Build.0 = Release|Any CPU
		{EE05E7F7-5914-4DE9-A72D-DCBB4C58FC5F}.Debug|Any CPU.ActiveCfg = Debug|Any CPU
		{EE05E7F7-5914-4DE9-A72D-DCBB4C58FC5F}.Debug|Any CPU.Build.0 = Debug|Any CPU
		{EE05E7F7-5914-4DE9-A72D-DCBB4C58FC5F}.Debug|x64.ActiveCfg = Debug|Any CPU
		{EE05E7F7-5914-4DE9-A72D-DCBB4C58FC5F}.Debug|x64.Build.0 = Debug|Any CPU
		{EE05E7F7-5914-4DE9-A72D-DCBB4C58FC5F}.Debug|x86.ActiveCfg = Debug|Any CPU
		{EE05E7F7-5914-4DE9-A72D-DCBB4C58FC5F}.Debug|x86.Build.0 = Debug|Any CPU
		{EE05E7F7-5914-4DE9-A72D-DCBB4C58FC5F}.Release|Any CPU.ActiveCfg = Release|Any CPU
		{EE05E7F7-5914-4DE9-A72D-DCBB4C58FC5F}.Release|Any CPU.Build.0 = Release|Any CPU
		{EE05E7F7-5914-4DE9-A72D-DCBB4C58FC5F}.Release|x64.ActiveCfg = Release|Any CPU
		{EE05E7F7-5914-4DE9-A72D-DCBB4C58FC5F}.Release|x64.Build.0 = Release|Any CPU
		{EE05E7F7-5914-4DE9-A72D-DCBB4C58FC5F}.Release|x86.ActiveCfg = Release|Any CPU
		{EE05E7F7-5914-4DE9-A72D-DCBB4C58FC5F}.Release|x86.Build.0 = Release|Any CPU
		{BEEB6CB0-736A-4BC8-B04E-FC5D0B761FD7}.Debug|Any CPU.ActiveCfg = Debug|Any CPU
		{BEEB6CB0-736A-4BC8-B04E-FC5D0B761FD7}.Debug|Any CPU.Build.0 = Debug|Any CPU
		{BEEB6CB0-736A-4BC8-B04E-FC5D0B761FD7}.Debug|x64.ActiveCfg = Debug|Any CPU
		{BEEB6CB0-736A-4BC8-B04E-FC5D0B761FD7}.Debug|x64.Build.0 = Debug|Any CPU
		{BEEB6CB0-736A-4BC8-B04E-FC5D0B761FD7}.Debug|x86.ActiveCfg = Debug|Any CPU
		{BEEB6CB0-736A-4BC8-B04E-FC5D0B761FD7}.Debug|x86.Build.0 = Debug|Any CPU
		{BEEB6CB0-736A-4BC8-B04E-FC5D0B761FD7}.Release|Any CPU.ActiveCfg = Release|Any CPU
		{BEEB6CB0-736A-4BC8-B04E-FC5D0B761FD7}.Release|Any CPU.Build.0 = Release|Any CPU
		{BEEB6CB0-736A-4BC8-B04E-FC5D0B761FD7}.Release|x64.ActiveCfg = Release|Any CPU
		{BEEB6CB0-736A-4BC8-B04E-FC5D0B761FD7}.Release|x64.Build.0 = Release|Any CPU
		{BEEB6CB0-736A-4BC8-B04E-FC5D0B761FD7}.Release|x86.ActiveCfg = Release|Any CPU
		{BEEB6CB0-736A-4BC8-B04E-FC5D0B761FD7}.Release|x86.Build.0 = Release|Any CPU
	EndGlobalSection
	GlobalSection(NestedProjects) = preSolution
		{7C83FD73-399B-42BB-97C7-86CB8BC8DC0D} = {C30BF406-91A2-4801-983C-B9C3DB14390E}
		{EE05E7F7-5914-4DE9-A72D-DCBB4C58FC5F} = {C30BF406-91A2-4801-983C-B9C3DB14390E}
		{BEEB6CB0-736A-4BC8-B04E-FC5D0B761FD7} = {C30BF406-91A2-4801-983C-B9C3DB14390E}
	EndGlobalSection
EndGlobal
